// !$*UTF8*$!
{
	archiveVersion = 1;
	classes = {
	};
	objectVersion = 48;
	objects = {

/* Begin PBXBuildFile section */
		FF1550391FBA1B6D001C4683 /* BorderButton.swift in Sources */ = {isa = PBXBuildFile; fileRef = FF1550381FBA1B6D001C4683 /* BorderButton.swift */; };
		FF15503D1FBC222A001C4683 /* LeagueVC.swift in Sources */ = {isa = PBXBuildFile; fileRef = FF15503C1FBC222A001C4683 /* LeagueVC.swift */; };
		FF15503F1FBC2245001C4683 /* SkillVC.swift in Sources */ = {isa = PBXBuildFile; fileRef = FF15503E1FBC2245001C4683 /* SkillVC.swift */; };
		FF1550431FBC2C83001C4683 /* Info.plist in Resources */ = {isa = PBXBuildFile; fileRef = FF1550421FBC2C83001C4683 /* Info.plist */; };
		FF1550451FBC6241001C4683 /* Player.swift in Sources */ = {isa = PBXBuildFile; fileRef = FF1550441FBC6241001C4683 /* Player.swift */; };
		FF499B351FB86C5E0091603E /* AppDelegate.swift in Sources */ = {isa = PBXBuildFile; fileRef = FF499B341FB86C5E0091603E /* AppDelegate.swift */; };
		FF499B371FB86C5E0091603E /* WelcomeVC.swift in Sources */ = {isa = PBXBuildFile; fileRef = FF499B361FB86C5E0091603E /* WelcomeVC.swift */; };
		FF499B3A1FB86C5E0091603E /* Main.storyboard in Resources */ = {isa = PBXBuildFile; fileRef = FF499B381FB86C5E0091603E /* Main.storyboard */; };
		FF499B3C1FB86C5E0091603E /* Assets.xcassets in Resources */ = {isa = PBXBuildFile; fileRef = FF499B3B1FB86C5E0091603E /* Assets.xcassets */; };
		FF499B3F1FB86C5E0091603E /* LaunchScreen.storyboard in Resources */ = {isa = PBXBuildFile; fileRef = FF499B3D1FB86C5E0091603E /* LaunchScreen.storyboard */; };
/* End PBXBuildFile section */

/* Begin PBXFileReference section */
		FF1550381FBA1B6D001C4683 /* BorderButton.swift */ = {isa = PBXFileReference; lastKnownFileType = sourcecode.swift; path = BorderButton.swift; sourceTree = "<group>"; };
		FF15503C1FBC222A001C4683 /* LeagueVC.swift */ = {isa = PBXFileReference; lastKnownFileType = sourcecode.swift; path = LeagueVC.swift; sourceTree = "<group>"; };
		FF15503E1FBC2245001C4683 /* SkillVC.swift */ = {isa = PBXFileReference; lastKnownFileType = sourcecode.swift; path = SkillVC.swift; sourceTree = "<group>"; };
		FF1550421FBC2C83001C4683 /* Info.plist */ = {isa = PBXFileReference; fileEncoding = 4; lastKnownFileType = text.plist.xml; path = Info.plist; sourceTree = "<group>"; };
		FF1550441FBC6241001C4683 /* Player.swift */ = {isa = PBXFileReference; lastKnownFileType = sourcecode.swift; path = Player.swift; sourceTree = "<group>"; };
		FF499B311FB86C5D0091603E /* app-swoosh.app */ = {isa = PBXFileReference; explicitFileType = wrapper.application; includeInIndex = 0; path = "app-swoosh.app"; sourceTree = BUILT_PRODUCTS_DIR; };
		FF499B341FB86C5E0091603E /* AppDelegate.swift */ = {isa = PBXFileReference; lastKnownFileType = sourcecode.swift; path = AppDelegate.swift; sourceTree = "<group>"; };
		FF499B361FB86C5E0091603E /* WelcomeVC.swift */ = {isa = PBXFileReference; lastKnownFileType = sourcecode.swift; path = WelcomeVC.swift; sourceTree = "<group>"; };
		FF499B391FB86C5E0091603E /* Base */ = {isa = PBXFileReference; lastKnownFileType = file.storyboard; name = Base; path = Base.lproj/Main.storyboard; sourceTree = "<group>"; };
		FF499B3B1FB86C5E0091603E /* Assets.xcassets */ = {isa = PBXFileReference; lastKnownFileType = folder.assetcatalog; path = Assets.xcassets; sourceTree = "<group>"; };
		FF499B3E1FB86C5E0091603E /* Base */ = {isa = PBXFileReference; lastKnownFileType = file.storyboard; name = Base; path = Base.lproj/LaunchScreen.storyboard; sourceTree = "<group>"; };
/* End PBXFileReference section */

/* Begin PBXFrameworksBuildPhase section */
		FF499B2E1FB86C5D0091603E /* Frameworks */ = {
			isa = PBXFrameworksBuildPhase;
			buildActionMask = 2147483647;
			files = (
			);
			runOnlyForDeploymentPostprocessing = 0;
		};
/* End PBXFrameworksBuildPhase section */

/* Begin PBXGroup section */
		FF1550361FBA1AD2001C4683 /* Views */ = {
			isa = PBXGroup;
			children = (
				FF499B341FB86C5E0091603E /* AppDelegate.swift */,
				FF499B381FB86C5E0091603E /* Main.storyboard */,
				FF499B3B1FB86C5E0091603E /* Assets.xcassets */,
				FF499B3D1FB86C5E0091603E /* LaunchScreen.storyboard */,
				FF1550381FBA1B6D001C4683 /* BorderButton.swift */,
			);
			path = Views;
			sourceTree = "<group>";
		};
		FF15503A1FBC20D3001C4683 /* Controller */ = {
			isa = PBXGroup;
			children = (
				FF499B361FB86C5E0091603E /* WelcomeVC.swift */,
				FF15503C1FBC222A001C4683 /* LeagueVC.swift */,
				FF15503E1FBC2245001C4683 /* SkillVC.swift */,
			);
			path = Controller;
			sourceTree = "<group>";
		};
		FF15503B1FBC20E5001C4683 /* Model */ = {
			isa = PBXGroup;
			children = (
				FF1550441FBC6241001C4683 /* Player.swift */,
			);
			path = Model;
			sourceTree = "<group>";
		};
		FF499B281FB86C5D0091603E = {
			isa = PBXGroup;
			children = (
				FF499B331FB86C5D0091603E /* app-swoosh */,
				FF499B321FB86C5D0091603E /* Products */,
			);
			sourceTree = "<group>";
		};
		FF499B321FB86C5D0091603E /* Products */ = {
			isa = PBXGroup;
			children = (
				FF499B311FB86C5D0091603E /* app-swoosh.app */,
			);
			name = Products;
			sourceTree = "<group>";
		};
		FF499B331FB86C5D0091603E /* app-swoosh */ = {
			isa = PBXGroup;
			children = (
				FF1550421FBC2C83001C4683 /* Info.plist */,
				FF15503B1FBC20E5001C4683 /* Model */,
				FF15503A1FBC20D3001C4683 /* Controller */,
				FF1550361FBA1AD2001C4683 /* Views */,
			);
			path = "app-swoosh";
			sourceTree = "<group>";
		};
/* End PBXGroup section */

/* Begin PBXNativeTarget section */
		FF499B301FB86C5D0091603E /* app-swoosh */ = {
			isa = PBXNativeTarget;
			buildConfigurationList = FF499B431FB86C5E0091603E /* Build configuration list for PBXNativeTarget "app-swoosh" */;
			buildPhases = (
				FF499B2D1FB86C5D0091603E /* Sources */,
				FF499B2E1FB86C5D0091603E /* Frameworks */,
				FF499B2F1FB86C5D0091603E /* Resources */,
			);
			buildRules = (
			);
			dependencies = (
			);
			name = "app-swoosh";
			productName = "app-swoosh";
			productReference = FF499B311FB86C5D0091603E /* app-swoosh.app */;
			productType = "com.apple.product-type.application";
		};
/* End PBXNativeTarget section */

/* Begin PBXProject section */
		FF499B291FB86C5D0091603E /* Project object */ = {
			isa = PBXProject;
			attributes = {
				LastSwiftUpdateCheck = 0910;
				LastUpgradeCheck = 0910;
				ORGANIZATIONNAME = TheNextG;
				TargetAttributes = {
					FF499B301FB86C5D0091603E = {
						CreatedOnToolsVersion = 9.1;
						ProvisioningStyle = Automatic;
					};
				};
			};
			buildConfigurationList = FF499B2C1FB86C5D0091603E /* Build configuration list for PBXProject "app-swoosh" */;
			compatibilityVersion = "Xcode 8.0";
			developmentRegion = en;
			hasScannedForEncodings = 0;
			knownRegions = (
				en,
				Base,
			);
			mainGroup = FF499B281FB86C5D0091603E;
			productRefGroup = FF499B321FB86C5D0091603E /* Products */;
			projectDirPath = "";
			projectRoot = "";
			targets = (
				FF499B301FB86C5D0091603E /* app-swoosh */,
			);
		};
/* End PBXProject section */

/* Begin PBXResourcesBuildPhase section */
		FF499B2F1FB86C5D0091603E /* Resources */ = {
			isa = PBXResourcesBuildPhase;
			buildActionMask = 2147483647;
			files = (
				FF1550431FBC2C83001C4683 /* Info.plist in Resources */,
				FF499B3F1FB86C5E0091603E /* LaunchScreen.storyboard in Resources */,
				FF499B3C1FB86C5E0091603E /* Assets.xcassets in Resources */,
				FF499B3A1FB86C5E0091603E /* Main.storyboard in Resources */,
			);
			runOnlyForDeploymentPostprocessing = 0;
		};
/* End PBXResourcesBuildPhase section */

/* Begin PBXSourcesBuildPhase section */
		FF499B2D1FB86C5D0091603E /* Sources */ = {
			isa = PBXSourcesBuildPhase;
			buildActionMask = 2147483647;
			files = (
				FF499B371FB86C5E0091603E /* WelcomeVC.swift in Sources */,
				FF499B351FB86C5E0091603E /* AppDelegate.swift in Sources */,
				FF15503D1FBC222A001C4683 /* LeagueVC.swift in Sources */,
				FF15503F1FBC2245001C4683 /* SkillVC.swift in Sources */,
				FF1550451FBC6241001C4683 /* Player.swift in Sources */,
				FF1550391FBA1B6D001C4683 /* BorderButton.swift in Sources */,
			);
			runOnlyForDeploymentPostprocessing = 0;
		};
/* End PBXSourcesBuildPhase section */

/* Begin PBXVariantGroup section */
		FF499B381FB86C5E0091603E /* Main.storyboard */ = {
			isa = PBXVariantGroup;
			children = (
				FF499B391FB86C5E0091603E /* Base */,
			);
			name = Main.storyboard;
			sourceTree = "<group>";
		};
		FF499B3D1FB86C5E0091603E /* LaunchScreen.storyboard */ = {
			isa = PBXVariantGroup;
			children = (
				FF499B3E1FB86C5E0091603E /* Base */,
			);
			name = LaunchScreen.storyboard;
			sourceTree = "<group>";
		};
/* End PBXVariantGroup section */

/* Begin XCBuildConfiguration section */
		FF499B411FB86C5E0091603E /* Debug */ = {
			isa = XCBuildConfiguration;
			buildSettings = {
				ALWAYS_SEARCH_USER_PATHS = NO;
				CLANG_ANALYZER_NONNULL = YES;
				CLANG_ANALYZER_NUMBER_OBJECT_CONVERSION = YES_AGGRESSIVE;
				CLANG_CXX_LANGUAGE_STANDARD = "gnu++14";
				CLANG_CXX_LIBRARY = "libc++";
				CLANG_ENABLE_MODULES = YES;
				CLANG_ENABLE_OBJC_ARC = YES;
				CLANG_WARN_BLOCK_CAPTURE_AUTORELEASING = YES;
				CLANG_WARN_BOOL_CONVERSION = YES;
				CLANG_WARN_COMMA = YES;
				CLANG_WARN_CONSTANT_CONVERSION = YES;
				CLANG_WARN_DIRECT_OBJC_ISA_USAGE = YES_ERROR;
				CLANG_WARN_DOCUMENTATION_COMMENTS = YES;
				CLANG_WARN_EMPTY_BODY = YES;
				CLANG_WARN_ENUM_CONVERSION = YES;
				CLANG_WARN_INFINITE_RECURSION = YES;
				CLANG_WARN_INT_CONVERSION = YES;
				CLANG_WARN_NON_LITERAL_NULL_CONVERSION = YES;
				CLANG_WARN_OBJC_LITERAL_CONVERSION = YES;
				CLANG_WARN_OBJC_ROOT_CLASS = YES_ERROR;
				CLANG_WARN_RANGE_LOOP_ANALYSIS = YES;
				CLANG_WARN_STRICT_PROTOTYPES = YES;
				CLANG_WARN_SUSPICIOUS_MOVE = YES;
				CLANG_WARN_UNGUARDED_AVAILABILITY = YES_AGGRESSIVE;
				CLANG_WARN_UNREACHABLE_CODE = YES;
				CLANG_WARN__DUPLICATE_METHOD_MATCH = YES;
				CODE_SIGN_IDENTITY = "iPhone Developer";
				COPY_PHASE_STRIP = NO;
				DEBUG_INFORMATION_FORMAT = dwarf;
				ENABLE_STRICT_OBJC_MSGSEND = YES;
				ENABLE_TESTABILITY = YES;
				GCC_C_LANGUAGE_STANDARD = gnu11;
				GCC_DYNAMIC_NO_PIC = NO;
				GCC_NO_COMMON_BLOCKS = YES;
				GCC_OPTIMIZATION_LEVEL = 0;
				GCC_PREPROCESSOR_DEFINITIONS = (
					"DEBUG=1",
					"$(inherited)",
				);
				GCC_WARN_64_TO_32_BIT_CONVERSION = YES;
				GCC_WARN_ABOUT_RETURN_TYPE = YES_ERROR;
				GCC_WARN_UNDECLARED_SELECTOR = YES;
				GCC_WARN_UNINITIALIZED_AUTOS = YES_AGGRESSIVE;
				GCC_WARN_UNUSED_FUNCTION = YES;
				GCC_WARN_UNUSED_VARIABLE = YES;
				IPHONEOS_DEPLOYMENT_TARGET = 11.1;
				MTL_ENABLE_DEBUG_INFO = YES;
				ONLY_ACTIVE_ARCH = YES;
				SDKROOT = iphoneos;
				SWIFT_ACTIVE_COMPILATION_CONDITIONS = DEBUG;
				SWIFT_OPTIMIZATION_LEVEL = "-Onone";
			};
			name = Debug;
		};
		FF499B421FB86C5E0091603E /* Release */ = {
			isa = XCBuildConfiguration;
			buildSettings = {
				ALWAYS_SEARCH_USER_PATHS = NO;
				CLANG_ANALYZER_NONNULL = YES;
				CLANG_ANALYZER_NUMBER_OBJECT_CONVERSION = YES_AGGRESSIVE;
				CLANG_CXX_LANGUAGE_STANDARD = "gnu++14";
				CLANG_CXX_LIBRARY = "libc++";
				CLANG_ENABLE_MODULES = YES;
				CLANG_ENABLE_OBJC_ARC = YES;
				CLANG_WARN_BLOCK_CAPTURE_AUTORELEASING = YES;
				CLANG_WARN_BOOL_CONVERSION = YES;
				CLANG_WARN_COMMA = YES;
				CLANG_WARN_CONSTANT_CONVERSION = YES;
				CLANG_WARN_DIRECT_OBJC_ISA_USAGE = YES_ERROR;
				CLANG_WARN_DOCUMENTATION_COMMENTS = YES;
				CLANG_WARN_EMPTY_BODY = YES;
				CLANG_WARN_ENUM_CONVERSION = YES;
				CLANG_WARN_INFINITE_RECURSION = YES;
				CLANG_WARN_INT_CONVERSION = YES;
				CLANG_WARN_NON_LITERAL_NULL_CONVERSION = YES;
				CLANG_WARN_OBJC_LITERAL_CONVERSION = YES;
				CLANG_WARN_OBJC_ROOT_CLASS = YES_ERROR;
				CLANG_WARN_RANGE_LOOP_ANALYSIS = YES;
				CLANG_WARN_STRICT_PROTOTYPES = YES;
				CLANG_WARN_SUSPICIOUS_MOVE = YES;
				CLANG_WARN_UNGUARDED_AVAILABILITY = YES_AGGRESSIVE;
				CLANG_WARN_UNREACHABLE_CODE = YES;
				CLANG_WARN__DUPLICATE_METHOD_MATCH = YES;
				CODE_SIGN_IDENTITY = "iPhone Developer";
				COPY_PHASE_STRIP = NO;
				DEBUG_INFORMATION_FORMAT = "dwarf-with-dsym";
				ENABLE_NS_ASSERTIONS = NO;
				ENABLE_STRICT_OBJC_MSGSEND = YES;
				GCC_C_LANGUAGE_STANDARD = gnu11;
				GCC_NO_COMMON_BLOCKS = YES;
				GCC_WARN_64_TO_32_BIT_CONVERSION = YES;
				GCC_WARN_ABOUT_RETURN_TYPE = YES_ERROR;
				GCC_WARN_UNDECLARED_SELECTOR = YES;
				GCC_WARN_UNINITIALIZED_AUTOS = YES_AGGRESSIVE;
				GCC_WARN_UNUSED_FUNCTION = YES;
				GCC_WARN_UNUSED_VARIABLE = YES;
				IPHONEOS_DEPLOYMENT_TARGET = 11.1;
				MTL_ENABLE_DEBUG_INFO = NO;
				SDKROOT = iphoneos;
				SWIFT_OPTIMIZATION_LEVEL = "-Owholemodule";
				VALIDATE_PRODUCT = YES;
			};
			name = Release;
		};
		FF499B441FB86C5E0091603E /* Debug */ = {
			isa = XCBuildConfiguration;
			buildSettings = {
				ASSETCATALOG_COMPILER_APPICON_NAME = AppIcon;
				CODE_SIGN_STYLE = Automatic;
				DEVELOPMENT_TEAM = UM6QP863P6;
				INFOPLIST_FILE = "app-swoosh/Info.plist";
				LD_RUNPATH_SEARCH_PATHS = "$(inherited) @executable_path/Frameworks";
				PRODUCT_BUNDLE_IDENTIFIER = "com.TheNextG.app-swoosh";
				PRODUCT_NAME = "$(TARGET_NAME)";
				SWIFT_VERSION = 4.0;
				TARGETED_DEVICE_FAMILY = "1,2";
			};
			name = Debug;
		};
		FF499B451FB86C5E0091603E /* Release */ = {
			isa = XCBuildConfiguration;
			buildSettings = {
				ASSETCATALOG_COMPILER_APPICON_NAME = AppIcon;
				CODE_SIGN_STYLE = Automatic;
				DEVELOPMENT_TEAM = UM6QP863P6;
				INFOPLIST_FILE = "app-swoosh/Info.plist";
				LD_RUNPATH_SEARCH_PATHS = "$(inherited) @executable_path/Frameworks";
				PRODUCT_BUNDLE_IDENTIFIER = "com.TheNextG.app-swoosh";
				PRODUCT_NAME = "$(TARGET_NAME)";
				SWIFT_VERSION = 4.0;
				TARGETED_DEVICE_FAMILY = "1,2";
			};
			name = Release;
		};
/* End XCBuildConfiguration section */

/* Begin XCConfigurationList section */
		FF499B2C1FB86C5D0091603E /* Build configuration list for PBXProject "app-swoosh" */ = {
			isa = XCConfigurationList;
			buildConfigurations = (
				FF499B411FB86C5E0091603E /* Debug */,
				FF499B421FB86C5E0091603E /* Release */,
			);
			defaultConfigurationIsVisible = 0;
			defaultConfigurationName = Release;
		};
		FF499B431FB86C5E0091603E /* Build configuration list for PBXNativeTarget "app-swoosh" */ = {
			isa = XCConfigurationList;
			buildConfigurations = (
				FF499B441FB86C5E0091603E /* Debug */,
				FF499B451FB86C5E0091603E /* Release */,
			);
			defaultConfigurationIsVisible = 0;
			defaultConfigurationName = Release;
		};
/* End XCConfigurationList section */
	};
	rootObject = FF499B291FB86C5D0091603E /* Project object */;
}
